
Microsoft Visual Studio Solution File, Format Version 12.00
# Visual Studio Version 17
VisualStudioVersion = 17.4.33213.308
MinimumVisualStudioVersion = 10.0.40219.1
Project("{9A19103F-16F7-4668-BE54-9A1E7A4F7556}") = "PrimerParcialLabo-Intento2", "PrimerParcialLabo-Intento2.csproj", "{DEFFE7A8-0EE5-4335-9D35-DEFD5471F1CC}"
EndProject
Project("{FAE04EC0-301F-11D3-BF4B-00C04F79EFBC}") = "TestProject2", "..\TestProject2\TestProject2.csproj", "{5CBFC741-E9FE-4E8C-A804-4168F5A3F7FC}"
EndProject
Global
	GlobalSection(SolutionConfigurationPlatforms) = preSolution
		Debug|Any CPU = Debug|Any CPU
		Release|Any CPU = Release|Any CPU
	EndGlobalSection
	GlobalSection(ProjectConfigurationPlatforms) = postSolution
		{DEFFE7A8-0EE5-4335-9D35-DEFD5471F1CC}.Debug|Any CPU.ActiveCfg = Debug|Any CPU
		{DEFFE7A8-0EE5-4335-9D35-DEFD5471F1CC}.Debug|Any CPU.Build.0 = Debug|Any CPU
		{DEFFE7A8-0EE5-4335-9D35-DEFD5471F1CC}.Release|Any CPU.ActiveCfg = Release|Any CPU
		{DEFFE7A8-0EE5-4335-9D35-DEFD5471F1CC}.Release|Any CPU.Build.0 = Release|Any CPU
		{5CBFC741-E9FE-4E8C-A804-4168F5A3F7FC}.Debug|Any CPU.ActiveCfg = Debug|Any CPU
		{5CBFC741-E9FE-4E8C-A804-4168F5A3F7FC}.Debug|Any CPU.Build.0 = Debug|Any CPU
		{5CBFC741-E9FE-4E8C-A804-4168F5A3F7FC}.Release|Any CPU.ActiveCfg = Release|Any CPU
		{5CBFC741-E9FE-4E8C-A804-4168F5A3F7FC}.Release|Any CPU.Build.0 = Release|Any CPU
	EndGlobalSection
	GlobalSection(SolutionProperties) = preSolution
		HideSolutionNode = FALSE
	EndGlobalSection
	GlobalSection(ExtensibilityGlobals) = postSolution
		SolutionGuid = {E98C8742-9CF4-42CD-8D92-42F75D5E2F03}
	EndGlobalSection
EndGlobal
